
Microsoft Visual Studio Solution File, Format Version 12.00
# Visual Studio 15
VisualStudioVersion = 15.0.27130.2024
MinimumVisualStudioVersion = 10.0.40219.1
Project("{FAE04EC0-301F-11D3-BF4B-00C04F79EFBC}") = "TryTinifier", "TryTinifier\TryTinifier.csproj", "{0C79F2D0-9849-4175-BC71-228C56DB9697}"
EndProject
Global
	GlobalSection(SolutionConfigurationPlatforms) = preSolution
		Debug|Any CPU = Debug|Any CPU
		Release|Any CPU = Release|Any CPU
	EndGlobalSection
	GlobalSection(ProjectConfigurationPlatforms) = postSolution
		{0C79F2D0-9849-4175-BC71-228C56DB9697}.Debug|Any CPU.ActiveCfg = Debug|Any CPU
		{0C79F2D0-9849-4175-BC71-228C56DB9697}.Debug|Any CPU.Build.0 = Debug|Any CPU
		{0C79F2D0-9849-4175-BC71-228C56DB9697}.Release|Any CPU.ActiveCfg = Release|Any CPU
		{0C79F2D0-9849-4175-BC71-228C56DB9697}.Release|Any CPU.Build.0 = Release|Any CPU
	EndGlobalSection
	GlobalSection(SolutionProperties) = preSolution
		HideSolutionNode = FALSE
	EndGlobalSection
	GlobalSection(ExtensibilityGlobals) = postSolution
		SolutionGuid = {BFDAE786-D9E0-4378-ABE0-640878637DB9}
	EndGlobalSection
EndGlobal
